
Microsoft Visual Studio Solution File, Format Version 12.00
# Visual Studio Version 16
VisualStudioVersion = 16.0.31321.278
MinimumVisualStudioVersion = 10.0.40219.1
Project("{FAE04EC0-301F-11D3-BF4B-00C04F79EFBC}") = "BookStore", "BookStore\BookStore.csproj", "{074371C2-62FE-44D3-8FA4-2F6489818B2F}"
EndProject
Global
	GlobalSection(SolutionConfigurationPlatforms) = preSolution
		Debug|Any CPU = Debug|Any CPU
		Release|Any CPU = Release|Any CPU
	EndGlobalSection
	GlobalSection(ProjectConfigurationPlatforms) = postSolution
		{074371C2-62FE-44D3-8FA4-2F6489818B2F}.Debug|Any CPU.ActiveCfg = Debug|Any CPU
		{074371C2-62FE-44D3-8FA4-2F6489818B2F}.Debug|Any CPU.Build.0 = Debug|Any CPU
		{074371C2-62FE-44D3-8FA4-2F6489818B2F}.Release|Any CPU.ActiveCfg = Release|Any CPU
		{074371C2-62FE-44D3-8FA4-2F6489818B2F}.Release|Any CPU.Build.0 = Release|Any CPU
	EndGlobalSection
	GlobalSection(SolutionProperties) = preSolution
		HideSolutionNode = FALSE
	EndGlobalSection
	GlobalSection(ExtensibilityGlobals) = postSolution
		SolutionGuid = {3C5FE871-A6CC-405C-A498-22B4E2621514}
	EndGlobalSection
EndGlobal
